// !$*UTF8*$!
{
	archiveVersion = 1;
	classes = {
	};
	objectVersion = 50;
	objects = {

/* Begin PBXBuildFile section */
		7320270621FFB8A800B9D8A0 /* AppDelegate.swift in Sources */ = {isa = PBXBuildFile; fileRef = 7320270521FFB8A800B9D8A0 /* AppDelegate.swift */; };
		7320270821FFB8A800B9D8A0 /* ViewController.swift in Sources */ = {isa = PBXBuildFile; fileRef = 7320270721FFB8A800B9D8A0 /* ViewController.swift */; };
		7320270B21FFB8A800B9D8A0 /* Main.storyboard in Resources */ = {isa = PBXBuildFile; fileRef = 7320270921FFB8A800B9D8A0 /* Main.storyboard */; };
		7320270D21FFB8A900B9D8A0 /* Assets.xcassets in Resources */ = {isa = PBXBuildFile; fileRef = 7320270C21FFB8A900B9D8A0 /* Assets.xcassets */; };
		7320271021FFB8A900B9D8A0 /* LaunchScreen.storyboard in Resources */ = {isa = PBXBuildFile; fileRef = 7320270E21FFB8A900B9D8A0 /* LaunchScreen.storyboard */; };
		7320271B21FFB8A900B9D8A0 /* flixTests.swift in Sources */ = {isa = PBXBuildFile; fileRef = 7320271A21FFB8A900B9D8A0 /* flixTests.swift */; };
		7320272621FFB8A900B9D8A0 /* flixUITests.swift in Sources */ = {isa = PBXBuildFile; fileRef = 7320272521FFB8A900B9D8A0 /* flixUITests.swift */; };
/* End PBXBuildFile section */

/* Begin PBXContainerItemProxy section */
		7320271721FFB8A900B9D8A0 /* PBXContainerItemProxy */ = {
			isa = PBXContainerItemProxy;
			containerPortal = 732026FA21FFB8A800B9D8A0 /* Project object */;
			proxyType = 1;
			remoteGlobalIDString = 7320270121FFB8A800B9D8A0;
			remoteInfo = flix;
		};
		7320272221FFB8A900B9D8A0 /* PBXContainerItemProxy */ = {
			isa = PBXContainerItemProxy;
			containerPortal = 732026FA21FFB8A800B9D8A0 /* Project object */;
			proxyType = 1;
			remoteGlobalIDString = 7320270121FFB8A800B9D8A0;
			remoteInfo = flix;
		};
/* End PBXContainerItemProxy section */

/* Begin PBXFileReference section */
		7320270221FFB8A800B9D8A0 /* flix.app */ = {isa = PBXFileReference; explicitFileType = wrapper.application; includeInIndex = 0; path = flix.app; sourceTree = BUILT_PRODUCTS_DIR; };
		7320270521FFB8A800B9D8A0 /* AppDelegate.swift */ = {isa = PBXFileReference; lastKnownFileType = sourcecode.swift; path = AppDelegate.swift; sourceTree = "<group>"; };
		7320270721FFB8A800B9D8A0 /* ViewController.swift */ = {isa = PBXFileReference; lastKnownFileType = sourcecode.swift; path = ViewController.swift; sourceTree = "<group>"; };
		7320270A21FFB8A800B9D8A0 /* Base */ = {isa = PBXFileReference; lastKnownFileType = file.storyboard; name = Base; path = Base.lproj/Main.storyboard; sourceTree = "<group>"; };
		7320270C21FFB8A900B9D8A0 /* Assets.xcassets */ = {isa = PBXFileReference; lastKnownFileType = folder.assetcatalog; path = Assets.xcassets; sourceTree = "<group>"; };
		7320270F21FFB8A900B9D8A0 /* Base */ = {isa = PBXFileReference; lastKnownFileType = file.storyboard; name = Base; path = Base.lproj/LaunchScreen.storyboard; sourceTree = "<group>"; };
		7320271121FFB8A900B9D8A0 /* Info.plist */ = {isa = PBXFileReference; lastKnownFileType = text.plist.xml; path = Info.plist; sourceTree = "<group>"; };
		7320271621FFB8A900B9D8A0 /* flixTests.xctest */ = {isa = PBXFileReference; explicitFileType = wrapper.cfbundle; includeInIndex = 0; path = flixTests.xctest; sourceTree = BUILT_PRODUCTS_DIR; };
		7320271A21FFB8A900B9D8A0 /* flixTests.swift */ = {isa = PBXFileReference; lastKnownFileType = sourcecode.swift; path = flixTests.swift; sourceTree = "<group>"; };
		7320271C21FFB8A900B9D8A0 /* Info.plist */ = {isa = PBXFileReference; lastKnownFileType = text.plist.xml; path = Info.plist; sourceTree = "<group>"; };
		7320272121FFB8A900B9D8A0 /* flixUITests.xctest */ = {isa = PBXFileReference; explicitFileType = wrapper.cfbundle; includeInIndex = 0; path = flixUITests.xctest; sourceTree = BUILT_PRODUCTS_DIR; };
		7320272521FFB8A900B9D8A0 /* flixUITests.swift */ = {isa = PBXFileReference; lastKnownFileType = sourcecode.swift; path = flixUITests.swift; sourceTree = "<group>"; };
		7320272721FFB8A900B9D8A0 /* Info.plist */ = {isa = PBXFileReference; lastKnownFileType = text.plist.xml; path = Info.plist; sourceTree = "<group>"; };
/* End PBXFileReference section */

/* Begin PBXFrameworksBuildPhase section */
		732026FF21FFB8A800B9D8A0 /* Frameworks */ = {
			isa = PBXFrameworksBuildPhase;
			buildActionMask = 2147483647;
			files = (
			);
			runOnlyForDeploymentPostprocessing = 0;
		};
		7320271321FFB8A900B9D8A0 /* Frameworks */ = {
			isa = PBXFrameworksBuildPhase;
			buildActionMask = 2147483647;
			files = (
			);
			runOnlyForDeploymentPostprocessing = 0;
		};
		7320271E21FFB8A900B9D8A0 /* Frameworks */ = {
			isa = PBXFrameworksBuildPhase;
			buildActionMask = 2147483647;
			files = (
			);
			runOnlyForDeploymentPostprocessing = 0;
		};
/* End PBXFrameworksBuildPhase section */

/* Begin PBXGroup section */
		732026F921FFB8A800B9D8A0 = {
			isa = PBXGroup;
			children = (
				7320270421FFB8A800B9D8A0 /* flix */,
				7320271921FFB8A900B9D8A0 /* flixTests */,
				7320272421FFB8A900B9D8A0 /* flixUITests */,
				7320270321FFB8A800B9D8A0 /* Products */,
			);
			sourceTree = "<group>";
		};
		7320270321FFB8A800B9D8A0 /* Products */ = {
			isa = PBXGroup;
			children = (
				7320270221FFB8A800B9D8A0 /* flix.app */,
				7320271621FFB8A900B9D8A0 /* flixTests.xctest */,
				7320272121FFB8A900B9D8A0 /* flixUITests.xctest */,
			);
			name = Products;
			sourceTree = "<group>";
		};
		7320270421FFB8A800B9D8A0 /* flix */ = {
			isa = PBXGroup;
			children = (
				7320270521FFB8A800B9D8A0 /* AppDelegate.swift */,
				7320270721FFB8A800B9D8A0 /* ViewController.swift */,
				7320270921FFB8A800B9D8A0 /* Main.storyboard */,
				7320270C21FFB8A900B9D8A0 /* Assets.xcassets */,
				7320270E21FFB8A900B9D8A0 /* LaunchScreen.storyboard */,
				7320271121FFB8A900B9D8A0 /* Info.plist */,
			);
			path = flix;
			sourceTree = "<group>";
		};
		7320271921FFB8A900B9D8A0 /* flixTests */ = {
			isa = PBXGroup;
			children = (
				7320271A21FFB8A900B9D8A0 /* flixTests.swift */,
				7320271C21FFB8A900B9D8A0 /* Info.plist */,
			);
			path = flixTests;
			sourceTree = "<group>";
		};
		7320272421FFB8A900B9D8A0 /* flixUITests */ = {
			isa = PBXGroup;
			children = (
				7320272521FFB8A900B9D8A0 /* flixUITests.swift */,
				7320272721FFB8A900B9D8A0 /* Info.plist */,
			);
			path = flixUITests;
			sourceTree = "<group>";
		};
/* End PBXGroup section */

/* Begin PBXNativeTarget section */
		7320270121FFB8A800B9D8A0 /* flix */ = {
			isa = PBXNativeTarget;
			buildConfigurationList = 7320272A21FFB8A900B9D8A0 /* Build configuration list for PBXNativeTarget "flix" */;
			buildPhases = (
				732026FE21FFB8A800B9D8A0 /* Sources */,
				732026FF21FFB8A800B9D8A0 /* Frameworks */,
				7320270021FFB8A800B9D8A0 /* Resources */,
			);
			buildRules = (
			);
			dependencies = (
			);
			name = flix;
			productName = flix;
			productReference = 7320270221FFB8A800B9D8A0 /* flix.app */;
			productType = "com.apple.product-type.application";
		};
		7320271521FFB8A900B9D8A0 /* flixTests */ = {
			isa = PBXNativeTarget;
			buildConfigurationList = 7320272D21FFB8A900B9D8A0 /* Build configuration list for PBXNativeTarget "flixTests" */;
			buildPhases = (
				7320271221FFB8A900B9D8A0 /* Sources */,
				7320271321FFB8A900B9D8A0 /* Frameworks */,
				7320271421FFB8A900B9D8A0 /* Resources */,
			);
			buildRules = (
			);
			dependencies = (
				7320271821FFB8A900B9D8A0 /* PBXTargetDependency */,
			);
			name = flixTests;
			productName = flixTests;
			productReference = 7320271621FFB8A900B9D8A0 /* flixTests.xctest */;
			productType = "com.apple.product-type.bundle.unit-test";
		};
		7320272021FFB8A900B9D8A0 /* flixUITests */ = {
			isa = PBXNativeTarget;
			buildConfigurationList = 7320273021FFB8A900B9D8A0 /* Build configuration list for PBXNativeTarget "flixUITests" */;
			buildPhases = (
				7320271D21FFB8A900B9D8A0 /* Sources */,
				7320271E21FFB8A900B9D8A0 /* Frameworks */,
				7320271F21FFB8A900B9D8A0 /* Resources */,
			);
			buildRules = (
			);
			dependencies = (
				7320272321FFB8A900B9D8A0 /* PBXTargetDependency */,
			);
			name = flixUITests;
			productName = flixUITests;
			productReference = 7320272121FFB8A900B9D8A0 /* flixUITests.xctest */;
			productType = "com.apple.product-type.bundle.ui-testing";
		};
/* End PBXNativeTarget section */

/* Begin PBXProject section */
		732026FA21FFB8A800B9D8A0 /* Project object */ = {
			isa = PBXProject;
			attributes = {
				LastSwiftUpdateCheck = 1010;
				LastUpgradeCheck = 1010;
				ORGANIZATIONNAME = "Jay Arellano";
				TargetAttributes = {
					7320270121FFB8A800B9D8A0 = {
						CreatedOnToolsVersion = 10.1;
					};
					7320271521FFB8A900B9D8A0 = {
						CreatedOnToolsVersion = 10.1;
						TestTargetID = 7320270121FFB8A800B9D8A0;
					};
					7320272021FFB8A900B9D8A0 = {
						CreatedOnToolsVersion = 10.1;
						TestTargetID = 7320270121FFB8A800B9D8A0;
					};
				};
			};
			buildConfigurationList = 732026FD21FFB8A800B9D8A0 /* Build configuration list for PBXProject "flix" */;
			compatibilityVersion = "Xcode 9.3";
			developmentRegion = en;
			hasScannedForEncodings = 0;
			knownRegions = (
				en,
				Base,
			);
			mainGroup = 732026F921FFB8A800B9D8A0;
			productRefGroup = 7320270321FFB8A800B9D8A0 /* Products */;
			projectDirPath = "";
			projectRoot = "";
			targets = (
				7320270121FFB8A800B9D8A0 /* flix */,
				7320271521FFB8A900B9D8A0 /* flixTests */,
				7320272021FFB8A900B9D8A0 /* flixUITests */,
			);
		};
/* End PBXProject section */

/* Begin PBXResourcesBuildPhase section */
		7320270021FFB8A800B9D8A0 /* Resources */ = {
			isa = PBXResourcesBuildPhase;
			buildActionMask = 2147483647;
			files = (
				7320271021FFB8A900B9D8A0 /* LaunchScreen.storyboard in Resources */,
				7320270D21FFB8A900B9D8A0 /* Assets.xcassets in Resources */,
				7320270B21FFB8A800B9D8A0 /* Main.storyboard in Resources */,
			);
			runOnlyForDeploymentPostprocessing = 0;
		};
		7320271421FFB8A900B9D8A0 /* Resources */ = {
			isa = PBXResourcesBuildPhase;
			buildActionMask = 2147483647;
			files = (
			);
			runOnlyForDeploymentPostprocessing = 0;
		};
		7320271F21FFB8A900B9D8A0 /* Resources */ = {
			isa = PBXResourcesBuildPhase;
			buildActionMask = 2147483647;
			files = (
			);
			runOnlyForDeploymentPostprocessing = 0;
		};
/* End PBXResourcesBuildPhase section */

/* Begin PBXSourcesBuildPhase section */
		732026FE21FFB8A800B9D8A0 /* Sources */ = {
			isa = PBXSourcesBuildPhase;
			buildActionMask = 2147483647;
			files = (
				7320270821FFB8A800B9D8A0 /* ViewController.swift in Sources */,
				7320270621FFB8A800B9D8A0 /* AppDelegate.swift in Sources */,
			);
			runOnlyForDeploymentPostprocessing = 0;
		};
		7320271221FFB8A900B9D8A0 /* Sources */ = {
			isa = PBXSourcesBuildPhase;
			buildActionMask = 2147483647;
			files = (
				7320271B21FFB8A900B9D8A0 /* flixTests.swift in Sources */,
			);
			runOnlyForDeploymentPostprocessing = 0;
		};
		7320271D21FFB8A900B9D8A0 /* Sources */ = {
			isa = PBXSourcesBuildPhase;
			buildActionMask = 2147483647;
			files = (
				7320272621FFB8A900B9D8A0 /* flixUITests.swift in Sources */,
			);
			runOnlyForDeploymentPostprocessing = 0;
		};
/* End PBXSourcesBuildPhase section */

/* Begin PBXTargetDependency section */
		7320271821FFB8A900B9D8A0 /* PBXTargetDependency */ = {
			isa = PBXTargetDependency;
			target = 7320270121FFB8A800B9D8A0 /* flix */;
			targetProxy = 7320271721FFB8A900B9D8A0 /* PBXContainerItemProxy */;
		};
		7320272321FFB8A900B9D8A0 /* PBXTargetDependency */ = {
			isa = PBXTargetDependency;
			target = 7320270121FFB8A800B9D8A0 /* flix */;
			targetProxy = 7320272221FFB8A900B9D8A0 /* PBXContainerItemProxy */;
		};
/* End PBXTargetDependency section */

/* Begin PBXVariantGroup section */
		7320270921FFB8A800B9D8A0 /* Main.storyboard */ = {
			isa = PBXVariantGroup;
			children = (
				7320270A21FFB8A800B9D8A0 /* Base */,
			);
			name = Main.storyboard;
			sourceTree = "<group>";
		};
		7320270E21FFB8A900B9D8A0 /* LaunchScreen.storyboard */ = {
			isa = PBXVariantGroup;
			children = (
				7320270F21FFB8A900B9D8A0 /* Base */,
			);
			name = LaunchScreen.storyboard;
			sourceTree = "<group>";
		};
/* End PBXVariantGroup section */

/* Begin XCBuildConfiguration section */
		7320272821FFB8A900B9D8A0 /* Debug */ = {
			isa = XCBuildConfiguration;
			buildSettings = {
				ALWAYS_SEARCH_USER_PATHS = NO;
				CLANG_ANALYZER_NONNULL = YES;
				CLANG_ANALYZER_NUMBER_OBJECT_CONVERSION = YES_AGGRESSIVE;
				CLANG_CXX_LANGUAGE_STANDARD = "gnu++14";
				CLANG_CXX_LIBRARY = "libc++";
				CLANG_ENABLE_MODULES = YES;
				CLANG_ENABLE_OBJC_ARC = YES;
				CLANG_ENABLE_OBJC_WEAK = YES;
				CLANG_WARN_BLOCK_CAPTURE_AUTORELEASING = YES;
				CLANG_WARN_BOOL_CONVERSION = YES;
				CLANG_WARN_COMMA = YES;
				CLANG_WARN_CONSTANT_CONVERSION = YES;
				CLANG_WARN_DEPRECATED_OBJC_IMPLEMENTATIONS = YES;
				CLANG_WARN_DIRECT_OBJC_ISA_USAGE = YES_ERROR;
				CLANG_WARN_DOCUMENTATION_COMMENTS = YES;
				CLANG_WARN_EMPTY_BODY = YES;
				CLANG_WARN_ENUM_CONVERSION = YES;
				CLANG_WARN_INFINITE_RECURSION = YES;
				CLANG_WARN_INT_CONVERSION = YES;
				CLANG_WARN_NON_LITERAL_NULL_CONVERSION = YES;
				CLANG_WARN_OBJC_IMPLICIT_RETAIN_SELF = YES;
				CLANG_WARN_OBJC_LITERAL_CONVERSION = YES;
				CLANG_WARN_OBJC_ROOT_CLASS = YES_ERROR;
				CLANG_WARN_RANGE_LOOP_ANALYSIS = YES;
				CLANG_WARN_STRICT_PROTOTYPES = YES;
				CLANG_WARN_SUSPICIOUS_MOVE = YES;
				CLANG_WARN_UNGUARDED_AVAILABILITY = YES_AGGRESSIVE;
				CLANG_WARN_UNREACHABLE_CODE = YES;
				CLANG_WARN__DUPLICATE_METHOD_MATCH = YES;
				CODE_SIGN_IDENTITY = "iPhone Developer";
				COPY_PHASE_STRIP = NO;
				DEBUG_INFORMATION_FORMAT = dwarf;
				ENABLE_STRICT_OBJC_MSGSEND = YES;
				ENABLE_TESTABILITY = YES;
				GCC_C_LANGUAGE_STANDARD = gnu11;
				GCC_DYNAMIC_NO_PIC = NO;
				GCC_NO_COMMON_BLOCKS = YES;
				GCC_OPTIMIZATION_LEVEL = 0;
				GCC_PREPROCESSOR_DEFINITIONS = (
					"DEBUG=1",
					"$(inherited)",
				);
				GCC_WARN_64_TO_32_BIT_CONVERSION = YES;
				GCC_WARN_ABOUT_RETURN_TYPE = YES_ERROR;
				GCC_WARN_UNDECLARED_SELECTOR = YES;
				GCC_WARN_UNINITIALIZED_AUTOS = YES_AGGRESSIVE;
				GCC_WARN_UNUSED_FUNCTION = YES;
				GCC_WARN_UNUSED_VARIABLE = YES;
				IPHONEOS_DEPLOYMENT_TARGET = 12.1;
				MTL_ENABLE_DEBUG_INFO = INCLUDE_SOURCE;
				MTL_FAST_MATH = YES;
				ONLY_ACTIVE_ARCH = YES;
				SDKROOT = iphoneos;
				SWIFT_ACTIVE_COMPILATION_CONDITIONS = DEBUG;
				SWIFT_OPTIMIZATION_LEVEL = "-Onone";
			};
			name = Debug;
		};
		7320272921FFB8A900B9D8A0 /* Release */ = {
			isa = XCBuildConfiguration;
			buildSettings = {
				ALWAYS_SEARCH_USER_PATHS = NO;
				CLANG_ANALYZER_NONNULL = YES;
				CLANG_ANALYZER_NUMBER_OBJECT_CONVERSION = YES_AGGRESSIVE;
				CLANG_CXX_LANGUAGE_STANDARD = "gnu++14";
				CLANG_CXX_LIBRARY = "libc++";
				CLANG_ENABLE_MODULES = YES;
				CLANG_ENABLE_OBJC_ARC = YES;
				CLANG_ENABLE_OBJC_WEAK = YES;
				CLANG_WARN_BLOCK_CAPTURE_AUTORELEASING = YES;
				CLANG_WARN_BOOL_CONVERSION = YES;
				CLANG_WARN_COMMA = YES;
				CLANG_WARN_CONSTANT_CONVERSION = YES;
				CLANG_WARN_DEPRECATED_OBJC_IMPLEMENTATIONS = YES;
				CLANG_WARN_DIRECT_OBJC_ISA_USAGE = YES_ERROR;
				CLANG_WARN_DOCUMENTATION_COMMENTS = YES;
				CLANG_WARN_EMPTY_BODY = YES;
				CLANG_WARN_ENUM_CONVERSION = YES;
				CLANG_WARN_INFINITE_RECURSION = YES;
				CLANG_WARN_INT_CONVERSION = YES;
				CLANG_WARN_NON_LITERAL_NULL_CONVERSION = YES;
				CLANG_WARN_OBJC_IMPLICIT_RETAIN_SELF = YES;
				CLANG_WARN_OBJC_LITERAL_CONVERSION = YES;
				CLANG_WARN_OBJC_ROOT_CLASS = YES_ERROR;
				CLANG_WARN_RANGE_LOOP_ANALYSIS = YES;
				CLANG_WARN_STRICT_PROTOTYPES = YES;
				CLANG_WARN_SUSPICIOUS_MOVE = YES;
				CLANG_WARN_UNGUARDED_AVAILABILITY = YES_AGGRESSIVE;
				CLANG_WARN_UNREACHABLE_CODE = YES;
				CLANG_WARN__DUPLICATE_METHOD_MATCH = YES;
				CODE_SIGN_IDENTITY = "iPhone Developer";
				COPY_PHASE_STRIP = NO;
				DEBUG_INFORMATION_FORMAT = "dwarf-with-dsym";
				ENABLE_NS_ASSERTIONS = NO;
				ENABLE_STRICT_OBJC_MSGSEND = YES;
				GCC_C_LANGUAGE_STANDARD = gnu11;
				GCC_NO_COMMON_BLOCKS = YES;
				GCC_WARN_64_TO_32_BIT_CONVERSION = YES;
				GCC_WARN_ABOUT_RETURN_TYPE = YES_ERROR;
				GCC_WARN_UNDECLARED_SELECTOR = YES;
				GCC_WARN_UNINITIALIZED_AUTOS = YES_AGGRESSIVE;
				GCC_WARN_UNUSED_FUNCTION = YES;
				GCC_WARN_UNUSED_VARIABLE = YES;
				IPHONEOS_DEPLOYMENT_TARGET = 12.1;
				MTL_ENABLE_DEBUG_INFO = NO;
				MTL_FAST_MATH = YES;
				SDKROOT = iphoneos;
				SWIFT_COMPILATION_MODE = wholemodule;
				SWIFT_OPTIMIZATION_LEVEL = "-O";
				VALIDATE_PRODUCT = YES;
			};
			name = Release;
		};
		7320272B21FFB8A900B9D8A0 /* Debug */ = {
			isa = XCBuildConfiguration;
			buildSettings = {
				ASSETCATALOG_COMPILER_APPICON_NAME = AppIcon;
				CODE_SIGN_STYLE = Automatic;
				INFOPLIST_FILE = flix/Info.plist;
				LD_RUNPATH_SEARCH_PATHS = (
					"$(inherited)",
					"@executable_path/Frameworks",
				);
				PRODUCT_BUNDLE_IDENTIFIER = "Jay-Arellano.flix";
				PRODUCT_NAME = "$(TARGET_NAME)";
				SWIFT_VERSION = 4.2;
				TARGETED_DEVICE_FAMILY = "1,2";
			};
			name = Debug;
		};
		7320272C21FFB8A900B9D8A0 /* Release */ = {
			isa = XCBuildConfiguration;
			buildSettings = {
				ASSETCATALOG_COMPILER_APPICON_NAME = AppIcon;
				CODE_SIGN_STYLE = Automatic;
				INFOPLIST_FILE = flix/Info.plist;
				LD_RUNPATH_SEARCH_PATHS = (
					"$(inherited)",
					"@executable_path/Frameworks",
				);
				PRODUCT_BUNDLE_IDENTIFIER = "Jay-Arellano.flix";
				PRODUCT_NAME = "$(TARGET_NAME)";
				SWIFT_VERSION = 4.2;
				TARGETED_DEVICE_FAMILY = "1,2";
			};
			name = Release;
		};
		7320272E21FFB8A900B9D8A0 /* Debug */ = {
			isa = XCBuildConfiguration;
			buildSettings = {
				ALWAYS_EMBED_SWIFT_STANDARD_LIBRARIES = YES;
				BUNDLE_LOADER = "$(TEST_HOST)";
				CODE_SIGN_STYLE = Automatic;
				INFOPLIST_FILE = flixTests/Info.plist;
				LD_RUNPATH_SEARCH_PATHS = (
					"$(inherited)",
					"@executable_path/Frameworks",
					"@loader_path/Frameworks",
				);
				PRODUCT_BUNDLE_IDENTIFIER = "Jay-Arellano.flixTests";
				PRODUCT_NAME = "$(TARGET_NAME)";
				SWIFT_VERSION = 4.2;
				TARGETED_DEVICE_FAMILY = "1,2";
				TEST_HOST = "$(BUILT_PRODUCTS_DIR)/flix.app/flix";
			};
			name = Debug;
		};
		7320272F21FFB8A900B9D8A0 /* Release */ = {
			isa = XCBuildConfiguration;
			buildSettings = {
				ALWAYS_EMBED_SWIFT_STANDARD_LIBRARIES = YES;
				BUNDLE_LOADER = "$(TEST_HOST)";
				CODE_SIGN_STYLE = Automatic;
				INFOPLIST_FILE = flixTests/Info.plist;
				LD_RUNPATH_SEARCH_PATHS = (
					"$(inherited)",
					"@executable_path/Frameworks",
					"@loader_path/Frameworks",
				);
				PRODUCT_BUNDLE_IDENTIFIER = "Jay-Arellano.flixTests";
				PRODUCT_NAME = "$(TARGET_NAME)";
				SWIFT_VERSION = 4.2;
				TARGETED_DEVICE_FAMILY = "1,2";
				TEST_HOST = "$(BUILT_PRODUCTS_DIR)/flix.app/flix";
			};
			name = Release;
		};
		7320273121FFB8A900B9D8A0 /* Debug */ = {
			isa = XCBuildConfiguration;
			buildSettings = {
				ALWAYS_EMBED_SWIFT_STANDARD_LIBRARIES = YES;
				CODE_SIGN_STYLE = Automatic;
				INFOPLIST_FILE = flixUITests/Info.plist;
				LD_RUNPATH_SEARCH_PATHS = (
					"$(inherited)",
					"@executable_path/Frameworks",
					"@loader_path/Frameworks",
				);
				PRODUCT_BUNDLE_IDENTIFIER = "Jay-Arellano.flixUITests";
				PRODUCT_NAME = "$(TARGET_NAME)";
				SWIFT_VERSION = 4.2;
				TARGETED_DEVICE_FAMILY = "1,2";
				TEST_TARGET_NAME = flix;
			};
			name = Debug;
		};
		7320273221FFB8A900B9D8A0 /* Release */ = {
			isa = XCBuildConfiguration;
			buildSettings = {
				ALWAYS_EMBED_SWIFT_STANDARD_LIBRARIES = YES;
				CODE_SIGN_STYLE = Automatic;
				INFOPLIST_FILE = flixUITests/Info.plist;
				LD_RUNPATH_SEARCH_PATHS = (
					"$(inherited)",
					"@executable_path/Frameworks",
					"@loader_path/Frameworks",
				);
				PRODUCT_BUNDLE_IDENTIFIER = "Jay-Arellano.flixUITests";
				PRODUCT_NAME = "$(TARGET_NAME)";
				SWIFT_VERSION = 4.2;
				TARGETED_DEVICE_FAMILY = "1,2";
				TEST_TARGET_NAME = flix;
			};
			name = Release;
		};
/* End XCBuildConfiguration section */

/* Begin XCConfigurationList section */
		732026FD21FFB8A800B9D8A0 /* Build configuration list for PBXProject "flix" */ = {
			isa = XCConfigurationList;
			buildConfigurations = (
				7320272821FFB8A900B9D8A0 /* Debug */,
				7320272921FFB8A900B9D8A0 /* Release */,
			);
			defaultConfigurationIsVisible = 0;
			defaultConfigurationName = Release;
		};
		7320272A21FFB8A900B9D8A0 /* Build configuration list for PBXNativeTarget "flix" */ = {
			isa = XCConfigurationList;
			buildConfigurations = (
				7320272B21FFB8A900B9D8A0 /* Debug */,
				7320272C21FFB8A900B9D8A0 /* Release */,
			);
			defaultConfigurationIsVisible = 0;
			defaultConfigurationName = Release;
		};
		7320272D21FFB8A900B9D8A0 /* Build configuration list for PBXNativeTarget "flixTests" */ = {
			isa = XCConfigurationList;
			buildConfigurations = (
				7320272E21FFB8A900B9D8A0 /* Debug */,
				7320272F21FFB8A900B9D8A0 /* Release */,
			);
			defaultConfigurationIsVisible = 0;
			defaultConfigurationName = Release;
		};
		7320273021FFB8A900B9D8A0 /* Build configuration list for PBXNativeTarget "flixUITests" */ = {
			isa = XCConfigurationList;
			buildConfigurations = (
				7320273121FFB8A900B9D8A0 /* Debug */,
				7320273221FFB8A900B9D8A0 /* Release */,
			);
			defaultConfigurationIsVisible = 0;
			defaultConfigurationName = Release;
		};
/* End XCConfigurationList section */
	};
	rootObject = 732026FA21FFB8A800B9D8A0 /* Project object */;
}
